
Microsoft Visual Studio Solution File, Format Version 12.00
# Visual Studio 15
VisualStudioVersion = 15.0.28010.2041
MinimumVisualStudioVersion = 10.0.40219.1
Project("{9092AA53-FB77-4645-B42D-1CCCA6BD08BD}") = "protivitiSocial", "protivitiSocial.njsproj", "{94F4A549-8156-4872-BB09-DF23551874EE}"
EndProject
Global
	GlobalSection(SolutionConfigurationPlatforms) = preSolution
		Debug|Any CPU = Debug|Any CPU
		Release|Any CPU = Release|Any CPU
	EndGlobalSection
	GlobalSection(ProjectConfigurationPlatforms) = postSolution
		{94F4A549-8156-4872-BB09-DF23551874EE}.Debug|Any CPU.ActiveCfg = Debug|Any CPU
		{94F4A549-8156-4872-BB09-DF23551874EE}.Debug|Any CPU.Build.0 = Debug|Any CPU
		{94F4A549-8156-4872-BB09-DF23551874EE}.Release|Any CPU.ActiveCfg = Release|Any CPU
		{94F4A549-8156-4872-BB09-DF23551874EE}.Release|Any CPU.Build.0 = Release|Any CPU
	EndGlobalSection
	GlobalSection(SolutionProperties) = preSolution
		HideSolutionNode = FALSE
	EndGlobalSection
	GlobalSection(ExtensibilityGlobals) = postSolution
		SolutionGuid = {2E6F2145-EA83-437C-80E9-E4180A11D66E}
	EndGlobalSection
EndGlobal
